
Microsoft Visual Studio Solution File, Format Version 12.00
# Visual Studio Version 17
VisualStudioVersion = 17.10.35027.167
MinimumVisualStudioVersion = 10.0.40219.1
Project("{9A19103F-16F7-4668-BE54-9A1E7A4F7556}") = "AddressManagement", "AddressManagement.csproj", "{9B5E6A8A-4AC4-4C10-8490-ABA9C22AAC83}"
EndProject
Global
	GlobalSection(SolutionConfigurationPlatforms) = preSolution
		Debug|Any CPU = Debug|Any CPU
		Release|Any CPU = Release|Any CPU
	EndGlobalSection
	GlobalSection(ProjectConfigurationPlatforms) = postSolution
		{9B5E6A8A-4AC4-4C10-8490-ABA9C22AAC83}.Debug|Any CPU.ActiveCfg = Debug|Any CPU
		{9B5E6A8A-4AC4-4C10-8490-ABA9C22AAC83}.Debug|Any CPU.Build.0 = Debug|Any CPU
		{9B5E6A8A-4AC4-4C10-8490-ABA9C22AAC83}.Release|Any CPU.ActiveCfg = Release|Any CPU
		{9B5E6A8A-4AC4-4C10-8490-ABA9C22AAC83}.Release|Any CPU.Build.0 = Release|Any CPU
	EndGlobalSection
	GlobalSection(SolutionProperties) = preSolution
		HideSolutionNode = FALSE
	EndGlobalSection
	GlobalSection(ExtensibilityGlobals) = postSolution
		SolutionGuid = {9FC67617-4B27-45F4-9BB6-210524606D22}
	EndGlobalSection
EndGlobal
